
Microsoft Visual Studio Solution File, Format Version 10.00
# Visual Studio 2008
Project("{F184B08F-C81C-45F6-A57F-5ABD9991F28F}") = "Siphon", "Siphon\Siphon.vbproj", "{10245550-B13F-4A23-9BF6-120FD5D3CDA1}"
EndProject
Project("{F184B08F-C81C-45F6-A57F-5ABD9991F28F}") = "SiphonTests", "SiphonTests\SiphonTests.vbproj", "{CB1A8317-74C2-479F-B2E8-46470915F83B}"
EndProject
Project("{2150E333-8FDC-42A3-9474-1A3956D46DE8}") = "Solution Items", "Solution Items", "{2C1C46E4-7735-430F-AD57-4BF3EEC9014A}"
	ProjectSection(SolutionItems) = preProject
		LICENSE = LICENSE
		TODO = TODO
	EndProjectSection
EndProject
Project("{F184B08F-C81C-45F6-A57F-5ABD9991F28F}") = "SiphonService", "SiphonService\SiphonService.vbproj", "{E50C8751-29F0-4194-9AF3-C0B8D151E995}"
EndProject
Project("{F184B08F-C81C-45F6-A57F-5ABD9991F28F}") = "SiphonConsole", "SiphonConsole\SiphonConsole.vbproj", "{DFD27A39-C804-4589-9DDB-F2C0412B11A0}"
EndProject
Global
	GlobalSection(SolutionConfigurationPlatforms) = preSolution
		Debug|Any CPU = Debug|Any CPU
		Release|Any CPU = Release|Any CPU
	EndGlobalSection
	GlobalSection(ProjectConfigurationPlatforms) = postSolution
		{10245550-B13F-4A23-9BF6-120FD5D3CDA1}.Debug|Any CPU.ActiveCfg = Debug|Any CPU
		{10245550-B13F-4A23-9BF6-120FD5D3CDA1}.Debug|Any CPU.Build.0 = Debug|Any CPU
		{10245550-B13F-4A23-9BF6-120FD5D3CDA1}.Release|Any CPU.ActiveCfg = Release|Any CPU
		{10245550-B13F-4A23-9BF6-120FD5D3CDA1}.Release|Any CPU.Build.0 = Release|Any CPU
		{CB1A8317-74C2-479F-B2E8-46470915F83B}.Debug|Any CPU.ActiveCfg = Debug|Any CPU
		{CB1A8317-74C2-479F-B2E8-46470915F83B}.Debug|Any CPU.Build.0 = Debug|Any CPU
		{CB1A8317-74C2-479F-B2E8-46470915F83B}.Release|Any CPU.ActiveCfg = Release|Any CPU
		{CB1A8317-74C2-479F-B2E8-46470915F83B}.Release|Any CPU.Build.0 = Release|Any CPU
		{E50C8751-29F0-4194-9AF3-C0B8D151E995}.Debug|Any CPU.ActiveCfg = Debug|Any CPU
		{E50C8751-29F0-4194-9AF3-C0B8D151E995}.Debug|Any CPU.Build.0 = Debug|Any CPU
		{E50C8751-29F0-4194-9AF3-C0B8D151E995}.Release|Any CPU.ActiveCfg = Release|Any CPU
		{E50C8751-29F0-4194-9AF3-C0B8D151E995}.Release|Any CPU.Build.0 = Release|Any CPU
		{DFD27A39-C804-4589-9DDB-F2C0412B11A0}.Debug|Any CPU.ActiveCfg = Debug|Any CPU
		{DFD27A39-C804-4589-9DDB-F2C0412B11A0}.Debug|Any CPU.Build.0 = Debug|Any CPU
		{DFD27A39-C804-4589-9DDB-F2C0412B11A0}.Release|Any CPU.ActiveCfg = Release|Any CPU
		{DFD27A39-C804-4589-9DDB-F2C0412B11A0}.Release|Any CPU.Build.0 = Release|Any CPU
	EndGlobalSection
	GlobalSection(SolutionProperties) = preSolution
		HideSolutionNode = FALSE
	EndGlobalSection
EndGlobal
